
Microsoft Visual Studio Solution File, Format Version 12.00
# Visual Studio Version 17
VisualStudioVersion = 17.5.33516.290
MinimumVisualStudioVersion = 10.0.40219.1
Project("{F184B08F-C81C-45F6-A57F-5ABD9991F28F}") = "Ping Paver", "Ping Paver\Ping Paver.vbproj", "{ABD2EDD5-1304-4858-BD9C-E58F646EDFB9}"
EndProject
Global
	GlobalSection(SolutionConfigurationPlatforms) = preSolution
		Debug|Any CPU = Debug|Any CPU
		Release|Any CPU = Release|Any CPU
	EndGlobalSection
	GlobalSection(ProjectConfigurationPlatforms) = postSolution
		{ABD2EDD5-1304-4858-BD9C-E58F646EDFB9}.Debug|Any CPU.ActiveCfg = Debug|Any CPU
		{ABD2EDD5-1304-4858-BD9C-E58F646EDFB9}.Debug|Any CPU.Build.0 = Debug|Any CPU
		{ABD2EDD5-1304-4858-BD9C-E58F646EDFB9}.Release|Any CPU.ActiveCfg = Release|Any CPU
		{ABD2EDD5-1304-4858-BD9C-E58F646EDFB9}.Release|Any CPU.Build.0 = Release|Any CPU
	EndGlobalSection
	GlobalSection(SolutionProperties) = preSolution
		HideSolutionNode = FALSE
	EndGlobalSection
	GlobalSection(ExtensibilityGlobals) = postSolution
		SolutionGuid = {09983862-FC25-463B-96CE-196893141FE4}
	EndGlobalSection
EndGlobal
